
Microsoft Visual Studio Solution File, Format Version 12.00
# Visual Studio 15
VisualStudioVersion = 15.0.27428.2037
MinimumVisualStudioVersion = 10.0.40219.1
Project("{FAE04EC0-301F-11D3-BF4B-00C04F79EFBC}") = "App01_ConsultarCEP.Android", "App01_ConsultarCEP\App01_ConsultarCEP.Android\App01_ConsultarCEP.Android.csproj", "{2CD225D1-3CDA-42F6-9DFA-222A056CAE21}"
EndProject
Project("{FAE04EC0-301F-11D3-BF4B-00C04F79EFBC}") = "App01_ConsultarCEP.iOS", "App01_ConsultarCEP\App01_ConsultarCEP.iOS\App01_ConsultarCEP.iOS.csproj", "{1DEB451A-F842-4AE3-A44D-8611F77555A6}"
EndProject
Project("{FAE04EC0-301F-11D3-BF4B-00C04F79EFBC}") = "App01_ConsultarCEP.UWP", "App01_ConsultarCEP\App01_ConsultarCEP.UWP\App01_ConsultarCEP.UWP.csproj", "{AA4873D8-2EC9-4294-B00B-E6477FCCF212}"
EndProject
Project("{FAE04EC0-301F-11D3-BF4B-00C04F79EFBC}") = "App01_ConsultarCEP", "App01_ConsultarCEP\App01_ConsultarCEP\App01_ConsultarCEP.csproj", "{0EFC0F8D-E8AE-4532-8F32-38F02C598FF4}"
EndProject
Global
	GlobalSection(SolutionConfigurationPlatforms) = preSolution
		Ad-Hoc|Any CPU = Ad-Hoc|Any CPU
		Ad-Hoc|ARM = Ad-Hoc|ARM
		Ad-Hoc|iPhone = Ad-Hoc|iPhone
		Ad-Hoc|iPhoneSimulator = Ad-Hoc|iPhoneSimulator
		Ad-Hoc|x64 = Ad-Hoc|x64
		Ad-Hoc|x86 = Ad-Hoc|x86
		AppStore|Any CPU = AppStore|Any CPU
		AppStore|ARM = AppStore|ARM
		AppStore|iPhone = AppStore|iPhone
		AppStore|iPhoneSimulator = AppStore|iPhoneSimulator
		AppStore|x64 = AppStore|x64
		AppStore|x86 = AppStore|x86
		Debug|Any CPU = Debug|Any CPU
		Debug|ARM = Debug|ARM
		Debug|iPhone = Debug|iPhone
		Debug|iPhoneSimulator = Debug|iPhoneSimulator
		Debug|x64 = Debug|x64
		Debug|x86 = Debug|x86
		Release|Any CPU = Release|Any CPU
		Release|ARM = Release|ARM
		Release|iPhone = Release|iPhone
		Release|iPhoneSimulator = Release|iPhoneSimulator
		Release|x64 = Release|x64
		Release|x86 = Release|x86
	EndGlobalSection
	GlobalSection(ProjectConfigurationPlatforms) = postSolution
		{2CD225D1-3CDA-42F6-9DFA-222A056CAE21}.Ad-Hoc|Any CPU.ActiveCfg = Release|Any CPU
		{2CD225D1-3CDA-42F6-9DFA-222A056CAE21}.Ad-Hoc|Any CPU.Build.0 = Release|Any CPU
		{2CD225D1-3CDA-42F6-9DFA-222A056CAE21}.Ad-Hoc|Any CPU.Deploy.0 = Release|Any CPU
		{2CD225D1-3CDA-42F6-9DFA-222A056CAE21}.Ad-Hoc|ARM.ActiveCfg = Release|Any CPU
		{2CD225D1-3CDA-42F6-9DFA-222A056CAE21}.Ad-Hoc|ARM.Build.0 = Release|Any CPU
		{2CD225D1-3CDA-42F6-9DFA-222A056CAE21}.Ad-Hoc|ARM.Deploy.0 = Release|Any CPU
		{2CD225D1-3CDA-42F6-9DFA-222A056CAE21}.Ad-Hoc|iPhone.ActiveCfg = Release|Any CPU
		{2CD225D1-3CDA-42F6-9DFA-222A056CAE21}.Ad-Hoc|iPhone.Build.0 = Release|Any CPU
		{2CD225D1-3CDA-42F6-9DFA-222A056CAE21}.Ad-Hoc|iPhone.Deploy.0 = Release|Any CPU
		{2CD225D1-3CDA-42F6-9DFA-222A056CAE21}.Ad-Hoc|iPhoneSimulator.ActiveCfg = Release|Any CPU
		{2CD225D1-3CDA-42F6-9DFA-222A056CAE21}.Ad-Hoc|iPhoneSimulator.Build.0 = Release|Any CPU
		{2CD225D1-3CDA-42F6-9DFA-222A056CAE21}.Ad-Hoc|iPhoneSimulator.Deploy.0 = Release|Any CPU
		{2CD225D1-3CDA-42F6-9DFA-222A056CAE21}.Ad-Hoc|x64.ActiveCfg = Release|Any CPU
		{2CD225D1-3CDA-42F6-9DFA-222A056CAE21}.Ad-Hoc|x64.Build.0 = Release|Any CPU
		{2CD225D1-3CDA-42F6-9DFA-222A056CAE21}.Ad-Hoc|x64.Deploy.0 = Release|Any CPU
		{2CD225D1-3CDA-42F6-9DFA-222A056CAE21}.Ad-Hoc|x86.ActiveCfg = Release|Any CPU
		{2CD225D1-3CDA-42F6-9DFA-222A056CAE21}.Ad-Hoc|x86.Build.0 = Release|Any CPU
		{2CD225D1-3CDA-42F6-9DFA-222A056CAE21}.Ad-Hoc|x86.Deploy.0 = Release|Any CPU
		{2CD225D1-3CDA-42F6-9DFA-222A056CAE21}.AppStore|Any CPU.ActiveCfg = Release|Any CPU
		{2CD225D1-3CDA-42F6-9DFA-222A056CAE21}.AppStore|Any CPU.Build.0 = Release|Any CPU
		{2CD225D1-3CDA-42F6-9DFA-222A056CAE21}.AppStore|Any CPU.Deploy.0 = Release|Any CPU
		{2CD225D1-3CDA-42F6-9DFA-222A056CAE21}.AppStore|ARM.ActiveCfg = Release|Any CPU
		{2CD225D1-3CDA-42F6-9DFA-222A056CAE21}.AppStore|ARM.Build.0 = Release|Any CPU
		{2CD225D1-3CDA-42F6-9DFA-222A056CAE21}.AppStore|ARM.Deploy.0 = Release|Any CPU
		{2CD225D1-3CDA-42F6-9DFA-222A056CAE21}.AppStore|iPhone.ActiveCfg = Release|Any CPU
		{2CD225D1-3CDA-42F6-9DFA-222A056CAE21}.AppStore|iPhone.Build.0 = Release|Any CPU
		{2CD225D1-3CDA-42F6-9DFA-222A056CAE21}.AppStore|iPhone.Deploy.0 = Release|Any CPU
		{2CD225D1-3CDA-42F6-9DFA-222A056CAE21}.AppStore|iPhoneSimulator.ActiveCfg = Release|Any CPU
		{2CD225D1-3CDA-42F6-9DFA-222A056CAE21}.AppStore|iPhoneSimulator.Build.0 = Release|Any CPU
		{2CD225D1-3CDA-42F6-9DFA-222A056CAE21}.AppStore|iPhoneSimulator.Deploy.0 = Release|Any CPU
		{2CD225D1-3CDA-42F6-9DFA-222A056CAE21}.AppStore|x64.ActiveCfg = Release|Any CPU
		{2CD225D1-3CDA-42F6-9DFA-222A056CAE21}.AppStore|x64.Build.0 = Release|Any CPU
		{2CD225D1-3CDA-42F6-9DFA-222A056CAE21}.AppStore|x64.Deploy.0 = Release|Any CPU
		{2CD225D1-3CDA-42F6-9DFA-222A056CAE21}.AppStore|x86.ActiveCfg = Release|Any CPU
		{2CD225D1-3CDA-42F6-9DFA-222A056CAE21}.AppStore|x86.Build.0 = Release|Any CPU
		{2CD225D1-3CDA-42F6-9DFA-222A056CAE21}.AppStore|x86.Deploy.0 = Release|Any CPU
		{2CD225D1-3CDA-42F6-9DFA-222A056CAE21}.Debug|Any CPU.ActiveCfg = Debug|Any CPU
		{2CD225D1-3CDA-42F6-9DFA-222A056CAE21}.Debug|Any CPU.Build.0 = Debug|Any CPU
		{2CD225D1-3CDA-42F6-9DFA-222A056CAE21}.Debug|Any CPU.Deploy.0 = Debug|Any CPU
		{2CD225D1-3CDA-42F6-9DFA-222A056CAE21}.Debug|ARM.ActiveCfg = Debug|Any CPU
		{2CD225D1-3CDA-42F6-9DFA-222A056CAE21}.Debug|ARM.Build.0 = Debug|Any CPU
		{2CD225D1-3CDA-42F6-9DFA-222A056CAE21}.Debug|ARM.Deploy.0 = Debug|Any CPU
		{2CD225D1-3CDA-42F6-9DFA-222A056CAE21}.Debug|iPhone.ActiveCfg = Debug|Any CPU
		{2CD225D1-3CDA-42F6-9DFA-222A056CAE21}.Debug|iPhone.Build.0 = Debug|Any CPU
		{2CD225D1-3CDA-42F6-9DFA-222A056CAE21}.Debug|iPhone.Deploy.0 = Debug|Any CPU
		{2CD225D1-3CDA-42F6-9DFA-222A056CAE21}.Debug|iPhoneSimulator.ActiveCfg = Debug|Any CPU
		{2CD225D1-3CDA-42F6-9DFA-222A056CAE21}.Debug|iPhoneSimulator.Build.0 = Debug|Any CPU
		{2CD225D1-3CDA-42F6-9DFA-222A056CAE21}.Debug|iPhoneSimulator.Deploy.0 = Debug|Any CPU
		{2CD225D1-3CDA-42F6-9DFA-222A056CAE21}.Debug|x64.ActiveCfg = Debug|Any CPU
		{2CD225D1-3CDA-42F6-9DFA-222A056CAE21}.Debug|x64.Build.0 = Debug|Any CPU
		{2CD225D1-3CDA-42F6-9DFA-222A056CAE21}.Debug|x64.Deploy.0 = Debug|Any CPU
		{2CD225D1-3CDA-42F6-9DFA-222A056CAE21}.Debug|x86.ActiveCfg = Debug|Any CPU
		{2CD225D1-3CDA-42F6-9DFA-222A056CAE21}.Debug|x86.Build.0 = Debug|Any CPU
		{2CD225D1-3CDA-42F6-9DFA-222A056CAE21}.Debug|x86.Deploy.0 = Debug|Any CPU
		{2CD225D1-3CDA-42F6-9DFA-222A056CAE21}.Release|Any CPU.ActiveCfg = Release|Any CPU
		{2CD225D1-3CDA-42F6-9DFA-222A056CAE21}.Release|Any CPU.Build.0 = Release|Any CPU
		{2CD225D1-3CDA-42F6-9DFA-222A056CAE21}.Release|Any CPU.Deploy.0 = Release|Any CPU
		{2CD225D1-3CDA-42F6-9DFA-222A056CAE21}.Release|ARM.ActiveCfg = Release|Any CPU
		{2CD225D1-3CDA-42F6-9DFA-222A056CAE21}.Release|ARM.Build.0 = Release|Any CPU
		{2CD225D1-3CDA-42F6-9DFA-222A056CAE21}.Release|ARM.Deploy.0 = Release|Any CPU
		{2CD225D1-3CDA-42F6-9DFA-222A056CAE21}.Release|iPhone.ActiveCfg = Release|Any CPU
		{2CD225D1-3CDA-42F6-9DFA-222A056CAE21}.Release|iPhone.Build.0 = Release|Any CPU
		{2CD225D1-3CDA-42F6-9DFA-222A056CAE21}.Release|iPhone.Deploy.0 = Release|Any CPU
		{2CD225D1-3CDA-42F6-9DFA-222A056CAE21}.Release|iPhoneSimulator.ActiveCfg = Release|Any CPU
		{2CD225D1-3CDA-42F6-9DFA-222A056CAE21}.Release|iPhoneSimulator.Build.0 = Release|Any CPU
		{2CD225D1-3CDA-42F6-9DFA-222A056CAE21}.Release|iPhoneSimulator.Deploy.0 = Release|Any CPU
		{2CD225D1-3CDA-42F6-9DFA-222A056CAE21}.Release|x64.ActiveCfg = Release|Any CPU
		{2CD225D1-3CDA-42F6-9DFA-222A056CAE21}.Release|x64.Build.0 = Release|Any CPU
		{2CD225D1-3CDA-42F6-9DFA-222A056CAE21}.Release|x64.Deploy.0 = Release|Any CPU
		{2CD225D1-3CDA-42F6-9DFA-222A056CAE21}.Release|x86.ActiveCfg = Release|Any CPU
		{2CD225D1-3CDA-42F6-9DFA-222A056CAE21}.Release|x86.Build.0 = Release|Any CPU
		{2CD225D1-3CDA-42F6-9DFA-222A056CAE21}.Release|x86.Deploy.0 = Release|Any CPU
		{1DEB451A-F842-4AE3-A44D-8611F77555A6}.Ad-Hoc|Any CPU.ActiveCfg = Ad-Hoc|iPhone
		{1DEB451A-F842-4AE3-A44D-8611F77555A6}.Ad-Hoc|ARM.ActiveCfg = Ad-Hoc|iPhone
		{1DEB451A-F842-4AE3-A44D-8611F77555A6}.Ad-Hoc|iPhone.ActiveCfg = Ad-Hoc|iPhone
		{1DEB451A-F842-4AE3-A44D-8611F77555A6}.Ad-Hoc|iPhone.Build.0 = Ad-Hoc|iPhone
		{1DEB451A-F842-4AE3-A44D-8611F77555A6}.Ad-Hoc|iPhoneSimulator.ActiveCfg = Ad-Hoc|iPhoneSimulator
		{1DEB451A-F842-4AE3-A44D-8611F77555A6}.Ad-Hoc|iPhoneSimulator.Build.0 = Ad-Hoc|iPhoneSimulator
		{1DEB451A-F842-4AE3-A44D-8611F77555A6}.Ad-Hoc|x64.ActiveCfg = Ad-Hoc|iPhone
		{1DEB451A-F842-4AE3-A44D-8611F77555A6}.Ad-Hoc|x86.ActiveCfg = Ad-Hoc|iPhone
		{1DEB451A-F842-4AE3-A44D-8611F77555A6}.AppStore|Any CPU.ActiveCfg = AppStore|iPhone
		{1DEB451A-F842-4AE3-A44D-8611F77555A6}.AppStore|ARM.ActiveCfg = AppStore|iPhone
		{1DEB451A-F842-4AE3-A44D-8611F77555A6}.AppStore|iPhone.ActiveCfg = AppStore|iPhone
		{1DEB451A-F842-4AE3-A44D-8611F77555A6}.AppStore|iPhone.Build.0 = AppStore|iPhone
		{1DEB451A-F842-4AE3-A44D-8611F77555A6}.AppStore|iPhoneSimulator.ActiveCfg = AppStore|iPhoneSimulator
		{1DEB451A-F842-4AE3-A44D-8611F77555A6}.AppStore|iPhoneSimulator.Build.0 = AppStore|iPhoneSimulator
		{1DEB451A-F842-4AE3-A44D-8611F77555A6}.AppStore|x64.ActiveCfg = AppStore|iPhone
		{1DEB451A-F842-4AE3-A44D-8611F77555A6}.AppStore|x86.ActiveCfg = AppStore|iPhone
		{1DEB451A-F842-4AE3-A44D-8611F77555A6}.Debug|Any CPU.ActiveCfg = Debug|iPhone
		{1DEB451A-F842-4AE3-A44D-8611F77555A6}.Debug|ARM.ActiveCfg = Debug|iPhone
		{1DEB451A-F842-4AE3-A44D-8611F77555A6}.Debug|iPhone.ActiveCfg = Debug|iPhone
		{1DEB451A-F842-4AE3-A44D-8611F77555A6}.Debug|iPhone.Build.0 = Debug|iPhone
		{1DEB451A-F842-4AE3-A44D-8611F77555A6}.Debug|iPhoneSimulator.ActiveCfg = Debug|iPhoneSimulator
		{1DEB451A-F842-4AE3-A44D-8611F77555A6}.Debug|iPhoneSimulator.Build.0 = Debug|iPhoneSimulator
		{1DEB451A-F842-4AE3-A44D-8611F77555A6}.Debug|x64.ActiveCfg = Debug|iPhone
		{1DEB451A-F842-4AE3-A44D-8611F77555A6}.Debug|x86.ActiveCfg = Debug|iPhone
		{1DEB451A-F842-4AE3-A44D-8611F77555A6}.Release|Any CPU.ActiveCfg = Release|iPhone
		{1DEB451A-F842-4AE3-A44D-8611F77555A6}.Release|ARM.ActiveCfg = Release|iPhone
		{1DEB451A-F842-4AE3-A44D-8611F77555A6}.Release|iPhone.ActiveCfg = Release|iPhone
		{1DEB451A-F842-4AE3-A44D-8611F77555A6}.Release|iPhone.Build.0 = Release|iPhone
		{1DEB451A-F842-4AE3-A44D-8611F77555A6}.Release|iPhoneSimulator.ActiveCfg = Release|iPhoneSimulator
		{1DEB451A-F842-4AE3-A44D-8611F77555A6}.Release|iPhoneSimulator.Build.0 = Release|iPhoneSimulator
		{1DEB451A-F842-4AE3-A44D-8611F77555A6}.Release|x64.ActiveCfg = Release|iPhone
		{1DEB451A-F842-4AE3-A44D-8611F77555A6}.Release|x86.ActiveCfg = Release|iPhone
		{AA4873D8-2EC9-4294-B00B-E6477FCCF212}.Ad-Hoc|Any CPU.ActiveCfg = Release|x86
		{AA4873D8-2EC9-4294-B00B-E6477FCCF212}.Ad-Hoc|Any CPU.Build.0 = Release|x86
		{AA4873D8-2EC9-4294-B00B-E6477FCCF212}.Ad-Hoc|Any CPU.Deploy.0 = Release|x86
		{AA4873D8-2EC9-4294-B00B-E6477FCCF212}.Ad-Hoc|ARM.ActiveCfg = Release|ARM
		{AA4873D8-2EC9-4294-B00B-E6477FCCF212}.Ad-Hoc|ARM.Build.0 = Release|ARM
		{AA4873D8-2EC9-4294-B00B-E6477FCCF212}.Ad-Hoc|ARM.Deploy.0 = Release|ARM
		{AA4873D8-2EC9-4294-B00B-E6477FCCF212}.Ad-Hoc|iPhone.ActiveCfg = Release|x86
		{AA4873D8-2EC9-4294-B00B-E6477FCCF212}.Ad-Hoc|iPhone.Build.0 = Release|x86
		{AA4873D8-2EC9-4294-B00B-E6477FCCF212}.Ad-Hoc|iPhone.Deploy.0 = Release|x86
		{AA4873D8-2EC9-4294-B00B-E6477FCCF212}.Ad-Hoc|iPhoneSimulator.ActiveCfg = Release|x86
		{AA4873D8-2EC9-4294-B00B-E6477FCCF212}.Ad-Hoc|iPhoneSimulator.Build.0 = Release|x86
		{AA4873D8-2EC9-4294-B00B-E6477FCCF212}.Ad-Hoc|iPhoneSimulator.Deploy.0 = Release|x86
		{AA4873D8-2EC9-4294-B00B-E6477FCCF212}.Ad-Hoc|x64.ActiveCfg = Release|x64
		{AA4873D8-2EC9-4294-B00B-E6477FCCF212}.Ad-Hoc|x64.Build.0 = Release|x64
		{AA4873D8-2EC9-4294-B00B-E6477FCCF212}.Ad-Hoc|x64.Deploy.0 = Release|x64
		{AA4873D8-2EC9-4294-B00B-E6477FCCF212}.Ad-Hoc|x86.ActiveCfg = Release|x86
		{AA4873D8-2EC9-4294-B00B-E6477FCCF212}.Ad-Hoc|x86.Build.0 = Release|x86
		{AA4873D8-2EC9-4294-B00B-E6477FCCF212}.Ad-Hoc|x86.Deploy.0 = Release|x86
		{AA4873D8-2EC9-4294-B00B-E6477FCCF212}.AppStore|Any CPU.ActiveCfg = Release|x86
		{AA4873D8-2EC9-4294-B00B-E6477FCCF212}.AppStore|Any CPU.Build.0 = Release|x86
		{AA4873D8-2EC9-4294-B00B-E6477FCCF212}.AppStore|Any CPU.Deploy.0 = Release|x86
		{AA4873D8-2EC9-4294-B00B-E6477FCCF212}.AppStore|ARM.ActiveCfg = Release|ARM
		{AA4873D8-2EC9-4294-B00B-E6477FCCF212}.AppStore|ARM.Build.0 = Release|ARM
		{AA4873D8-2EC9-4294-B00B-E6477FCCF212}.AppStore|ARM.Deploy.0 = Release|ARM
		{AA4873D8-2EC9-4294-B00B-E6477FCCF212}.AppStore|iPhone.ActiveCfg = Release|x86
		{AA4873D8-2EC9-4294-B00B-E6477FCCF212}.AppStore|iPhone.Build.0 = Release|x86
		{AA4873D8-2EC9-4294-B00B-E6477FCCF212}.AppStore|iPhone.Deploy.0 = Release|x86
		{AA4873D8-2EC9-4294-B00B-E6477FCCF212}.AppStore|iPhoneSimulator.ActiveCfg = Release|x86
		{AA4873D8-2EC9-4294-B00B-E6477FCCF212}.AppStore|iPhoneSimulator.Build.0 = Release|x86
		{AA4873D8-2EC9-4294-B00B-E6477FCCF212}.AppStore|iPhoneSimulator.Deploy.0 = Release|x86
		{AA4873D8-2EC9-4294-B00B-E6477FCCF212}.AppStore|x64.ActiveCfg = Release|x64
		{AA4873D8-2EC9-4294-B00B-E6477FCCF212}.AppStore|x64.Build.0 = Release|x64
		{AA4873D8-2EC9-4294-B00B-E6477FCCF212}.AppStore|x64.Deploy.0 = Release|x64
		{AA4873D8-2EC9-4294-B00B-E6477FCCF212}.AppStore|x86.ActiveCfg = Release|x86
		{AA4873D8-2EC9-4294-B00B-E6477FCCF212}.AppStore|x86.Build.0 = Release|x86
		{AA4873D8-2EC9-4294-B00B-E6477FCCF212}.AppStore|x86.Deploy.0 = Release|x86
		{AA4873D8-2EC9-4294-B00B-E6477FCCF212}.Debug|Any CPU.ActiveCfg = Debug|x86
		{AA4873D8-2EC9-4294-B00B-E6477FCCF212}.Debug|ARM.ActiveCfg = Debug|ARM
		{AA4873D8-2EC9-4294-B00B-E6477FCCF212}.Debug|ARM.Build.0 = Debug|ARM
		{AA4873D8-2EC9-4294-B00B-E6477FCCF212}.Debug|ARM.Deploy.0 = Debug|ARM
		{AA4873D8-2EC9-4294-B00B-E6477FCCF212}.Debug|iPhone.ActiveCfg = Debug|x86
		{AA4873D8-2EC9-4294-B00B-E6477FCCF212}.Debug|iPhoneSimulator.ActiveCfg = Debug|x86
		{AA4873D8-2EC9-4294-B00B-E6477FCCF212}.Debug|x64.ActiveCfg = Debug|x64
		{AA4873D8-2EC9-4294-B00B-E6477FCCF212}.Debug|x64.Build.0 = Debug|x64
		{AA4873D8-2EC9-4294-B00B-E6477FCCF212}.Debug|x64.Deploy.0 = Debug|x64
		{AA4873D8-2EC9-4294-B00B-E6477FCCF212}.Debug|x86.ActiveCfg = Debug|x86
		{AA4873D8-2EC9-4294-B00B-E6477FCCF212}.Debug|x86.Build.0 = Debug|x86
		{AA4873D8-2EC9-4294-B00B-E6477FCCF212}.Debug|x86.Deploy.0 = Debug|x86
		{AA4873D8-2EC9-4294-B00B-E6477FCCF212}.Release|Any CPU.ActiveCfg = Release|x86
		{AA4873D8-2EC9-4294-B00B-E6477FCCF212}.Release|ARM.ActiveCfg = Release|ARM
		{AA4873D8-2EC9-4294-B00B-E6477FCCF212}.Release|ARM.Build.0 = Release|ARM
		{AA4873D8-2EC9-4294-B00B-E6477FCCF212}.Release|ARM.Deploy.0 = Release|ARM
		{AA4873D8-2EC9-4294-B00B-E6477FCCF212}.Release|iPhone.ActiveCfg = Release|x86
		{AA4873D8-2EC9-4294-B00B-E6477FCCF212}.Release|iPhoneSimulator.ActiveCfg = Release|x86
		{AA4873D8-2EC9-4294-B00B-E6477FCCF212}.Release|x64.ActiveCfg = Release|x64
		{AA4873D8-2EC9-4294-B00B-E6477FCCF212}.Release|x64.Build.0 = Release|x64
		{AA4873D8-2EC9-4294-B00B-E6477FCCF212}.Release|x64.Deploy.0 = Release|x64
		{AA4873D8-2EC9-4294-B00B-E6477FCCF212}.Release|x86.ActiveCfg = Release|x86
		{AA4873D8-2EC9-4294-B00B-E6477FCCF212}.Release|x86.Build.0 = Release|x86
		{AA4873D8-2EC9-4294-B00B-E6477FCCF212}.Release|x86.Deploy.0 = Release|x86
		{0EFC0F8D-E8AE-4532-8F32-38F02C598FF4}.Ad-Hoc|Any CPU.ActiveCfg = Debug|Any CPU
		{0EFC0F8D-E8AE-4532-8F32-38F02C598FF4}.Ad-Hoc|Any CPU.Build.0 = Debug|Any CPU
		{0EFC0F8D-E8AE-4532-8F32-38F02C598FF4}.Ad-Hoc|ARM.ActiveCfg = Debug|Any CPU
		{0EFC0F8D-E8AE-4532-8F32-38F02C598FF4}.Ad-Hoc|ARM.Build.0 = Debug|Any CPU
		{0EFC0F8D-E8AE-4532-8F32-38F02C598FF4}.Ad-Hoc|iPhone.ActiveCfg = Debug|Any CPU
		{0EFC0F8D-E8AE-4532-8F32-38F02C598FF4}.Ad-Hoc|iPhone.Build.0 = Debug|Any CPU
		{0EFC0F8D-E8AE-4532-8F32-38F02C598FF4}.Ad-Hoc|iPhoneSimulator.ActiveCfg = Debug|Any CPU
		{0EFC0F8D-E8AE-4532-8F32-38F02C598FF4}.Ad-Hoc|iPhoneSimulator.Build.0 = Debug|Any CPU
		{0EFC0F8D-E8AE-4532-8F32-38F02C598FF4}.Ad-Hoc|x64.ActiveCfg = Debug|Any CPU
		{0EFC0F8D-E8AE-4532-8F32-38F02C598FF4}.Ad-Hoc|x64.Build.0 = Debug|Any CPU
		{0EFC0F8D-E8AE-4532-8F32-38F02C598FF4}.Ad-Hoc|x86.ActiveCfg = Debug|Any CPU
		{0EFC0F8D-E8AE-4532-8F32-38F02C598FF4}.Ad-Hoc|x86.Build.0 = Debug|Any CPU
		{0EFC0F8D-E8AE-4532-8F32-38F02C598FF4}.AppStore|Any CPU.ActiveCfg = Debug|Any CPU
		{0EFC0F8D-E8AE-4532-8F32-38F02C598FF4}.AppStore|Any CPU.Build.0 = Debug|Any CPU
		{0EFC0F8D-E8AE-4532-8F32-38F02C598FF4}.AppStore|ARM.ActiveCfg = Debug|Any CPU
		{0EFC0F8D-E8AE-4532-8F32-38F02C598FF4}.AppStore|ARM.Build.0 = Debug|Any CPU
		{0EFC0F8D-E8AE-4532-8F32-38F02C598FF4}.AppStore|iPhone.ActiveCfg = Debug|Any CPU
		{0EFC0F8D-E8AE-4532-8F32-38F02C598FF4}.AppStore|iPhone.Build.0 = Debug|Any CPU
		{0EFC0F8D-E8AE-4532-8F32-38F02C598FF4}.AppStore|iPhoneSimulator.ActiveCfg = Debug|Any CPU
		{0EFC0F8D-E8AE-4532-8F32-38F02C598FF4}.AppStore|iPhoneSimulator.Build.0 = Debug|Any CPU
		{0EFC0F8D-E8AE-4532-8F32-38F02C598FF4}.AppStore|x64.ActiveCfg = Debug|Any CPU
		{0EFC0F8D-E8AE-4532-8F32-38F02C598FF4}.AppStore|x64.Build.0 = Debug|Any CPU
		{0EFC0F8D-E8AE-4532-8F32-38F02C598FF4}.AppStore|x86.ActiveCfg = Debug|Any CPU
		{0EFC0F8D-E8AE-4532-8F32-38F02C598FF4}.AppStore|x86.Build.0 = Debug|Any CPU
		{0EFC0F8D-E8AE-4532-8F32-38F02C598FF4}.Debug|Any CPU.ActiveCfg = Debug|Any CPU
		{0EFC0F8D-E8AE-4532-8F32-38F02C598FF4}.Debug|Any CPU.Build.0 = Debug|Any CPU
		{0EFC0F8D-E8AE-4532-8F32-38F02C598FF4}.Debug|ARM.ActiveCfg = Debug|Any CPU
		{0EFC0F8D-E8AE-4532-8F32-38F02C598FF4}.Debug|ARM.Build.0 = Debug|Any CPU
		{0EFC0F8D-E8AE-4532-8F32-38F02C598FF4}.Debug|iPhone.ActiveCfg = Debug|Any CPU
		{0EFC0F8D-E8AE-4532-8F32-38F02C598FF4}.Debug|iPhone.Build.0 = Debug|Any CPU
		{0EFC0F8D-E8AE-4532-8F32-38F02C598FF4}.Debug|iPhoneSimulator.ActiveCfg = Debug|Any CPU
		{0EFC0F8D-E8AE-4532-8F32-38F02C598FF4}.Debug|iPhoneSimulator.Build.0 = Debug|Any CPU
		{0EFC0F8D-E8AE-4532-8F32-38F02C598FF4}.Debug|x64.ActiveCfg = Debug|Any CPU
		{0EFC0F8D-E8AE-4532-8F32-38F02C598FF4}.Debug|x64.Build.0 = Debug|Any CPU
		{0EFC0F8D-E8AE-4532-8F32-38F02C598FF4}.Debug|x86.ActiveCfg = Debug|Any CPU
		{0EFC0F8D-E8AE-4532-8F32-38F02C598FF4}.Debug|x86.Build.0 = Debug|Any CPU
		{0EFC0F8D-E8AE-4532-8F32-38F02C598FF4}.Release|Any CPU.ActiveCfg = Release|Any CPU
		{0EFC0F8D-E8AE-4532-8F32-38F02C598FF4}.Release|Any CPU.Build.0 = Release|Any CPU
		{0EFC0F8D-E8AE-4532-8F32-38F02C598FF4}.Release|ARM.ActiveCfg = Release|Any CPU
		{0EFC0F8D-E8AE-4532-8F32-38F02C598FF4}.Release|ARM.Build.0 = Release|Any CPU
		{0EFC0F8D-E8AE-4532-8F32-38F02C598FF4}.Release|iPhone.ActiveCfg = Release|Any CPU
		{0EFC0F8D-E8AE-4532-8F32-38F02C598FF4}.Release|iPhone.Build.0 = Release|Any CPU
		{0EFC0F8D-E8AE-4532-8F32-38F02C598FF4}.Release|iPhoneSimulator.ActiveCfg = Release|Any CPU
		{0EFC0F8D-E8AE-4532-8F32-38F02C598FF4}.Release|iPhoneSimulator.Build.0 = Release|Any CPU
		{0EFC0F8D-E8AE-4532-8F32-38F02C598FF4}.Release|x64.ActiveCfg = Release|Any CPU
		{0EFC0F8D-E8AE-4532-8F32-38F02C598FF4}.Release|x64.Build.0 = Release|Any CPU
		{0EFC0F8D-E8AE-4532-8F32-38F02C598FF4}.Release|x86.ActiveCfg = Release|Any CPU
		{0EFC0F8D-E8AE-4532-8F32-38F02C598FF4}.Release|x86.Build.0 = Release|Any CPU
	EndGlobalSection
	GlobalSection(SolutionProperties) = preSolution
		HideSolutionNode = FALSE
	EndGlobalSection
	GlobalSection(ExtensibilityGlobals) = postSolution
		SolutionGuid = {F9862339-BE59-40A7-9377-B34DDC281041}
	EndGlobalSection
EndGlobal
